
Microsoft Visual Studio Solution File, Format Version 12.00
# Visual Studio Version 17
VisualStudioVersion = 17.1.32407.343
MinimumVisualStudioVersion = 10.0.40219.1
Project("{8BC9CEB8-8B4A-11D0-8D11-00A0C91BC942}") = "MFBOPresetCreator", "MFBOPresetCreator\MFBOPresetCreator.vcxproj", "{A98F8BE5-A84C-432F-8517-D8C2C3416761}"
EndProject
Project("{8BC9CEB8-8B4A-11D0-8D11-00A0C91BC942}") = "Tests", "Tests\Tests.vcxproj", "{BEAAAE5A-331A-42D3-9759-A099AA3DF029}"
	ProjectSection(ProjectDependencies) = postProject
		{A98F8BE5-A84C-432F-8517-D8C2C3416761} = {A98F8BE5-A84C-432F-8517-D8C2C3416761}
	EndProjectSection
EndProject
Global
	GlobalSection(SolutionConfigurationPlatforms) = preSolution
		Debug|x64 = Debug|x64
		Release|x64 = Release|x64
	EndGlobalSection
	GlobalSection(ProjectConfigurationPlatforms) = postSolution
		{A98F8BE5-A84C-432F-8517-D8C2C3416761}.Debug|x64.ActiveCfg = Debug|x64
		{A98F8BE5-A84C-432F-8517-D8C2C3416761}.Debug|x64.Build.0 = Debug|x64
		{A98F8BE5-A84C-432F-8517-D8C2C3416761}.Release|x64.ActiveCfg = Release|x64
		{A98F8BE5-A84C-432F-8517-D8C2C3416761}.Release|x64.Build.0 = Release|x64
		{BEAAAE5A-331A-42D3-9759-A099AA3DF029}.Debug|x64.ActiveCfg = Debug|x64
		{BEAAAE5A-331A-42D3-9759-A099AA3DF029}.Debug|x64.Build.0 = Debug|x64
		{BEAAAE5A-331A-42D3-9759-A099AA3DF029}.Release|x64.ActiveCfg = Release|x64
		{BEAAAE5A-331A-42D3-9759-A099AA3DF029}.Release|x64.Build.0 = Release|x64
	EndGlobalSection
	GlobalSection(SolutionProperties) = preSolution
		HideSolutionNode = FALSE
	EndGlobalSection
	GlobalSection(ExtensibilityGlobals) = postSolution
		SolutionGuid = {2DAACCB9-C4EF-4A71-AF26-CE887C6BA59C}
		Qt5Version = 5.15.2
	EndGlobalSection
EndGlobal
