<?xml version="1.0" encoding="utf-8"?>
<Project ToolsVersion="4.0" xmlns="http://schemas.microsoft.com/developer/msbuild/2003">
  <ItemGroup>
    <ClCompile Include="main.cpp">
      <Filter>Source Files</Filter>
    </ClCompile>
    <ClCompile Include="About.cpp">
      <Filter>Source Files\GUI</Filter>
    </ClCompile>
    <ClCompile Include="BodySlideFiltersEditor.cpp">
      <Filter>Source Files\GUI</Filter>
    </ClCompile>
    <ClCompile Include="DataLists.cpp">
      <Filter>Source Files\Utils</Filter>
    </ClCompile>
    <ClCompile Include="LangManager.cpp">
      <Filter>Source Files\Utils</Filter>
    </ClCompile>
    <ClCompile Include="MFBOPresetCreator.cpp">
      <Filter>Source Files\GUI</Filter>
    </ClCompile>
    <ClCompile Include="RetargetingTool.cpp">
      <Filter>Source Files\GUI</Filter>
    </ClCompile>
    <ClCompile Include="Settings.cpp">
      <Filter>Source Files\GUI</Filter>
    </ClCompile>
    <ClCompile Include="PresetCreator.cpp">
      <Filter>Source Files\GUI</Filter>
    </ClCompile>
    <ClCompile Include="Update.cpp">
      <Filter>Source Files\GUI</Filter>
    </ClCompile>
    <ClCompile Include="Utils.cpp">
      <Filter>Source Files\Utils</Filter>
    </ClCompile>
    <ClCompile Include="AssistedConversion.cpp">
      <Filter>Source Files\GUI</Filter>
    </ClCompile>
    <ClCompile Include="TextInputDialog.cpp">
      <Filter>Source Files\GUI</Filter>
    </ClCompile>
    <ClCompile Include="TexturesAssistant.cpp">
      <Filter>Source Files\GUI</Filter>
    </ClCompile>
    <ClCompile Include="BatchConversion.cpp">
      <Filter>Source Files\GUI</Filter>
    </ClCompile>
    <ClCompile Include="ComponentFactory.cpp">
      <Filter>Source Files</Filter>
    </ClCompile>
  </ItemGroup>
  <ItemGroup>
    <ClInclude Include="stdafx.h">
      <Filter>Header Files</Filter>
    </ClInclude>
    <ClInclude Include="resource.h">
      <Filter>Header Files</Filter>
    </ClInclude>
    <ClInclude Include="Enum.h">
      <Filter>Header Files\Utils</Filter>
    </ClInclude>
    <ClInclude Include="Struct.h">
      <Filter>Header Files\Utils</Filter>
    </ClInclude>
    <ClInclude Include="LangManager.h">
      <Filter>Header Files\Utils</Filter>
    </ClInclude>
    <ClInclude Include="ComponentFactory.h">
      <Filter>Header Files</Filter>
    </ClInclude>
  </ItemGroup>
  <ItemGroup>
    <Filter Include="Source Files">
      <UniqueIdentifier>{4FC737F1-C7A5-4376-A066-2A32D752A2FF}</UniqueIdentifier>
      <Extensions>cpp;c;cc;cxx;def;odl;idl;hpj;bat;asm;asmx</Extensions>
      <ParseFiles>true</ParseFiles>
    </Filter>
    <Filter Include="Header Files">
      <UniqueIdentifier>{93995380-89BD-4b04-88EB-625FBE52EBFB}</UniqueIdentifier>
      <Extensions>h;hh;hpp;hxx;hm;inl;inc;xsd</Extensions>
      <ParseFiles>true</ParseFiles>
    </Filter>
    <Filter Include="C++ App Ressources">
      <UniqueIdentifier>{6c557561-e475-413b-9a0b-e95921564d0c}</UniqueIdentifier>
    </Filter>
    <Filter Include="Qt Ressources">
      <UniqueIdentifier>{d9a50dd6-abfd-4d7f-a1c6-b7b3fcceeec4}</UniqueIdentifier>
    </Filter>
    <Filter Include="Translation Files">
      <UniqueIdentifier>{639EADAA-A684-42e4-A9AD-28FC9BCB8F7C}</UniqueIdentifier>
      <Extensions>ts</Extensions>
      <ParseFiles>false</ParseFiles>
    </Filter>
    <Filter Include="Form Files">
      <UniqueIdentifier>{99349809-55BA-4b9d-BF79-8FDBB0286EB3}</UniqueIdentifier>
      <Extensions>ui</Extensions>
      <ParseFiles>true</ParseFiles>
    </Filter>
    <Filter Include="Source Files\GUI">
      <UniqueIdentifier>{8a4b793f-900e-4e09-9359-d9f025aa87f7}</UniqueIdentifier>
    </Filter>
    <Filter Include="Source Files\Utils">
      <UniqueIdentifier>{ee977981-9006-4f73-814e-ee67fa79098b}</UniqueIdentifier>
    </Filter>
    <Filter Include="Header Files\GUI">
      <UniqueIdentifier>{70d90964-5ddf-4c0e-a065-7fe432724b1b}</UniqueIdentifier>
    </Filter>
    <Filter Include="Header Files\Utils">
      <UniqueIdentifier>{2348a2dc-c069-4280-8862-91451fd9ce91}</UniqueIdentifier>
    </Filter>
  </ItemGroup>
  <ItemGroup>
    <QtMoc Include="About.h">
      <Filter>Header Files\GUI</Filter>
    </QtMoc>
    <QtMoc Include="BodySlideFiltersEditor.h">
      <Filter>Header Files\GUI</Filter>
    </QtMoc>
    <QtMoc Include="MFBOPresetCreator.h">
      <Filter>Header Files\GUI</Filter>
    </QtMoc>
    <QtMoc Include="RetargetingTool.h">
      <Filter>Header Files\GUI</Filter>
    </QtMoc>
    <QtMoc Include="Settings.h">
      <Filter>Header Files\GUI</Filter>
    </QtMoc>
    <QtMoc Include="PresetCreator.h">
      <Filter>Header Files\GUI</Filter>
    </QtMoc>
    <QtMoc Include="Update.h">
      <Filter>Header Files\GUI</Filter>
    </QtMoc>
    <QtMoc Include="DataLists.h">
      <Filter>Header Files\Utils</Filter>
    </QtMoc>
    <QtMoc Include="AssistedConversion.h">
      <Filter>Header Files\GUI</Filter>
    </QtMoc>
    <QtMoc Include="TextInputDialog.h">
      <Filter>Header Files\GUI</Filter>
    </QtMoc>
    <QtMoc Include="TexturesAssistant.h">
      <Filter>Header Files\GUI</Filter>
    </QtMoc>
    <QtMoc Include="Utils.h">
      <Filter>Header Files\Utils</Filter>
    </QtMoc>
    <QtMoc Include="BatchConversion.h">
      <Filter>Header Files\GUI</Filter>
    </QtMoc>
  </ItemGroup>
  <ItemGroup>
    <QtUic Include="MFBOPresetCreator.ui">
      <Filter>Form Files</Filter>
    </QtUic>
  </ItemGroup>
  <ItemGroup>
    <QtRcc Include="MFBOPresetCreator.qrc">
      <Filter>Qt Ressources</Filter>
    </QtRcc>
  </ItemGroup>
  <ItemGroup>
    <ResourceCompile Include="MFBOPresetCreator.rc">
      <Filter>C++ App Ressources</Filter>
    </ResourceCompile>
  </ItemGroup>
  <ItemGroup>
    <Image Include="ressources/software/icon.ico">
      <Filter>C++ App Ressources</Filter>
    </Image>
  </ItemGroup>
  <ItemGroup>
    <None Include="..\README.md" />
  </ItemGroup>
  <ItemGroup>
    <QtTranslation Include="mfbopc_en.ts">
      <Filter>Translation Files</Filter>
    </QtTranslation>
    <QtTranslation Include="mfbopc_fr.ts">
      <Filter>Translation Files</Filter>
    </QtTranslation>
  </ItemGroup>
</Project>